// !$*UTF8*$!
{
	archiveVersion = 1;
	classes = {
	};
	objectVersion = 51;
	objects = {

/* Begin PBXBuildFile section */
		7C490E1DE7F82D9E0E546661 /* Pods_CZGSwiftHome.framework in Frameworks */ = {isa = PBXBuildFile; fileRef = BD537510B663E6F8938B8F43 /* Pods_CZGSwiftHome.framework */; };
		F400AFDE22FEA9E100780B64 /* App使用规则说明.txt in Resources */ = {isa = PBXBuildFile; fileRef = F400AFDD22FEA9E000780B64 /* App使用规则说明.txt */; };
		F4F2AA4922FEB8D7007BD545 /* ZCBaseViewController.swift in Sources */ = {isa = PBXBuildFile; fileRef = F4F2AA4822FEB8D7007BD545 /* ZCBaseViewController.swift */; };
		F4F2AA4B22FEB937007BD545 /* ZCBaseNavigationController.swift in Sources */ = {isa = PBXBuildFile; fileRef = F4F2AA4A22FEB937007BD545 /* ZCBaseNavigationController.swift */; };
		F4F2AA4D22FEB9E5007BD545 /* ZCWebViewController.swift in Sources */ = {isa = PBXBuildFile; fileRef = F4F2AA4C22FEB9E5007BD545 /* ZCWebViewController.swift */; };
		F4F2AA4F22FEBA35007BD545 /* ZCBaseTabBarController.swift in Sources */ = {isa = PBXBuildFile; fileRef = F4F2AA4E22FEBA35007BD545 /* ZCBaseTabBarController.swift */; };
		F4F2AA5122FEBAA5007BD545 /* ZCBaseViewModel.swift in Sources */ = {isa = PBXBuildFile; fileRef = F4F2AA5022FEBAA5007BD545 /* ZCBaseViewModel.swift */; };
		F4F2AA5322FEBAB6007BD545 /* ZCBaseModel.swift in Sources */ = {isa = PBXBuildFile; fileRef = F4F2AA5222FEBAB6007BD545 /* ZCBaseModel.swift */; };
		F4FA19FE22E86216007EA60F /* AppDelegate.swift in Sources */ = {isa = PBXBuildFile; fileRef = F4FA19FD22E86216007EA60F /* AppDelegate.swift */; };
		F4FA1A0322E86216007EA60F /* Main.storyboard in Resources */ = {isa = PBXBuildFile; fileRef = F4FA1A0122E86216007EA60F /* Main.storyboard */; };
		F4FA1A0522E86218007EA60F /* Assets.xcassets in Resources */ = {isa = PBXBuildFile; fileRef = F4FA1A0422E86218007EA60F /* Assets.xcassets */; };
		F4FA1A1322E86218007EA60F /* CZGSwiftHomeTests.swift in Sources */ = {isa = PBXBuildFile; fileRef = F4FA1A1222E86218007EA60F /* CZGSwiftHomeTests.swift */; };
		F4FA1A1E22E86219007EA60F /* CZGSwiftHomeUITests.swift in Sources */ = {isa = PBXBuildFile; fileRef = F4FA1A1D22E86219007EA60F /* CZGSwiftHomeUITests.swift */; };
/* End PBXBuildFile section */

/* Begin PBXContainerItemProxy section */
		F4FA1A0F22E86218007EA60F /* PBXContainerItemProxy */ = {
			isa = PBXContainerItemProxy;
			containerPortal = F4FA19F222E86216007EA60F /* Project object */;
			proxyType = 1;
			remoteGlobalIDString = F4FA19F922E86216007EA60F;
			remoteInfo = CZGSwiftHome;
		};
		F4FA1A1A22E86218007EA60F /* PBXContainerItemProxy */ = {
			isa = PBXContainerItemProxy;
			containerPortal = F4FA19F222E86216007EA60F /* Project object */;
			proxyType = 1;
			remoteGlobalIDString = F4FA19F922E86216007EA60F;
			remoteInfo = CZGSwiftHome;
		};
/* End PBXContainerItemProxy section */

/* Begin PBXFileReference section */
		BD537510B663E6F8938B8F43 /* Pods_CZGSwiftHome.framework */ = {isa = PBXFileReference; explicitFileType = wrapper.framework; includeInIndex = 0; path = Pods_CZGSwiftHome.framework; sourceTree = BUILT_PRODUCTS_DIR; };
		C74AD48C03A583656728D425 /* Pods-CZGSwiftHome.release.xcconfig */ = {isa = PBXFileReference; includeInIndex = 1; lastKnownFileType = text.xcconfig; name = "Pods-CZGSwiftHome.release.xcconfig"; path = "Target Support Files/Pods-CZGSwiftHome/Pods-CZGSwiftHome.release.xcconfig"; sourceTree = "<group>"; };
		E5EA3833869D34C7A8CF30C8 /* Pods-CZGSwiftHome.debug.xcconfig */ = {isa = PBXFileReference; includeInIndex = 1; lastKnownFileType = text.xcconfig; name = "Pods-CZGSwiftHome.debug.xcconfig"; path = "Target Support Files/Pods-CZGSwiftHome/Pods-CZGSwiftHome.debug.xcconfig"; sourceTree = "<group>"; };
		F400AFDD22FEA9E000780B64 /* App使用规则说明.txt */ = {isa = PBXFileReference; fileEncoding = 4; lastKnownFileType = text; path = "App使用规则说明.txt"; sourceTree = "<group>"; };
		F4F2AA4822FEB8D7007BD545 /* ZCBaseViewController.swift */ = {isa = PBXFileReference; lastKnownFileType = sourcecode.swift; path = ZCBaseViewController.swift; sourceTree = "<group>"; };
		F4F2AA4A22FEB937007BD545 /* ZCBaseNavigationController.swift */ = {isa = PBXFileReference; lastKnownFileType = sourcecode.swift; path = ZCBaseNavigationController.swift; sourceTree = "<group>"; };
		F4F2AA4C22FEB9E5007BD545 /* ZCWebViewController.swift */ = {isa = PBXFileReference; lastKnownFileType = sourcecode.swift; path = ZCWebViewController.swift; sourceTree = "<group>"; };
		F4F2AA4E22FEBA35007BD545 /* ZCBaseTabBarController.swift */ = {isa = PBXFileReference; lastKnownFileType = sourcecode.swift; path = ZCBaseTabBarController.swift; sourceTree = "<group>"; };
		F4F2AA5022FEBAA5007BD545 /* ZCBaseViewModel.swift */ = {isa = PBXFileReference; lastKnownFileType = sourcecode.swift; path = ZCBaseViewModel.swift; sourceTree = "<group>"; };
		F4F2AA5222FEBAB6007BD545 /* ZCBaseModel.swift */ = {isa = PBXFileReference; lastKnownFileType = sourcecode.swift; path = ZCBaseModel.swift; sourceTree = "<group>"; };
		F4FA19FA22E86216007EA60F /* CZGSwiftHome.app */ = {isa = PBXFileReference; explicitFileType = wrapper.application; includeInIndex = 0; path = CZGSwiftHome.app; sourceTree = BUILT_PRODUCTS_DIR; };
		F4FA19FD22E86216007EA60F /* AppDelegate.swift */ = {isa = PBXFileReference; lastKnownFileType = sourcecode.swift; path = AppDelegate.swift; sourceTree = "<group>"; };
		F4FA1A0222E86216007EA60F /* Base */ = {isa = PBXFileReference; lastKnownFileType = file.storyboard; name = Base; path = Base.lproj/Main.storyboard; sourceTree = "<group>"; };
		F4FA1A0422E86218007EA60F /* Assets.xcassets */ = {isa = PBXFileReference; lastKnownFileType = folder.assetcatalog; path = Assets.xcassets; sourceTree = "<group>"; };
		F4FA1A0922E86218007EA60F /* Info.plist */ = {isa = PBXFileReference; lastKnownFileType = text.plist.xml; path = Info.plist; sourceTree = "<group>"; };
		F4FA1A0E22E86218007EA60F /* CZGSwiftHomeTests.xctest */ = {isa = PBXFileReference; explicitFileType = wrapper.cfbundle; includeInIndex = 0; path = CZGSwiftHomeTests.xctest; sourceTree = BUILT_PRODUCTS_DIR; };
		F4FA1A1222E86218007EA60F /* CZGSwiftHomeTests.swift */ = {isa = PBXFileReference; lastKnownFileType = sourcecode.swift; path = CZGSwiftHomeTests.swift; sourceTree = "<group>"; };
		F4FA1A1422E86218007EA60F /* Info.plist */ = {isa = PBXFileReference; lastKnownFileType = text.plist.xml; path = Info.plist; sourceTree = "<group>"; };
		F4FA1A1922E86218007EA60F /* CZGSwiftHomeUITests.xctest */ = {isa = PBXFileReference; explicitFileType = wrapper.cfbundle; includeInIndex = 0; path = CZGSwiftHomeUITests.xctest; sourceTree = BUILT_PRODUCTS_DIR; };
		F4FA1A1D22E86219007EA60F /* CZGSwiftHomeUITests.swift */ = {isa = PBXFileReference; lastKnownFileType = sourcecode.swift; path = CZGSwiftHomeUITests.swift; sourceTree = "<group>"; };
		F4FA1A1F22E86219007EA60F /* Info.plist */ = {isa = PBXFileReference; lastKnownFileType = text.plist.xml; path = Info.plist; sourceTree = "<group>"; };
/* End PBXFileReference section */

/* Begin PBXFrameworksBuildPhase section */
		F4FA19F722E86216007EA60F /* Frameworks */ = {
			isa = PBXFrameworksBuildPhase;
			buildActionMask = 2147483647;
			files = (
				7C490E1DE7F82D9E0E546661 /* Pods_CZGSwiftHome.framework in Frameworks */,
			);
			runOnlyForDeploymentPostprocessing = 0;
		};
		F4FA1A0B22E86218007EA60F /* Frameworks */ = {
			isa = PBXFrameworksBuildPhase;
			buildActionMask = 2147483647;
			files = (
			);
			runOnlyForDeploymentPostprocessing = 0;
		};
		F4FA1A1622E86218007EA60F /* Frameworks */ = {
			isa = PBXFrameworksBuildPhase;
			buildActionMask = 2147483647;
			files = (
			);
			runOnlyForDeploymentPostprocessing = 0;
		};
/* End PBXFrameworksBuildPhase section */

/* Begin PBXGroup section */
		9E35DCF2A233E576CAFFED42 /* Frameworks */ = {
			isa = PBXGroup;
			children = (
				BD537510B663E6F8938B8F43 /* Pods_CZGSwiftHome.framework */,
			);
			name = Frameworks;
			sourceTree = "<group>";
		};
		AC2DD8007B78C3CB65ED3A47 /* Pods */ = {
			isa = PBXGroup;
			children = (
				E5EA3833869D34C7A8CF30C8 /* Pods-CZGSwiftHome.debug.xcconfig */,
				C74AD48C03A583656728D425 /* Pods-CZGSwiftHome.release.xcconfig */,
			);
			path = Pods;
			sourceTree = "<group>";
		};
		F400AFBE22FE946500780B64 /* Base */ = {
			isa = PBXGroup;
			children = (
				F400AFDF22FEAE1800780B64 /* Model */,
				F400AFE022FEAE2500780B64 /* ViewModel */,
				F400AFE122FEAE2C00780B64 /* View */,
				F400AFE222FEAE3100780B64 /* Controller */,
			);
			path = Base;
			sourceTree = "<group>";
		};
		F400AFC022FE948F00780B64 /* categories */ = {
			isa = PBXGroup;
			children = (
			);
			path = categories;
			sourceTree = "<group>";
		};
		F400AFC122FE94AF00780B64 /* Features */ = {
			isa = PBXGroup;
			children = (
				F400AFBE22FE946500780B64 /* Base */,
			);
			path = Features;
			sourceTree = "<group>";
		};
		F400AFC222FE94DB00780B64 /* frameworks */ = {
			isa = PBXGroup;
			children = (
			);
			path = frameworks;
			sourceTree = "<group>";
		};
		F400AFC322FE952B00780B64 /* Vendors */ = {
			isa = PBXGroup;
			children = (
			);
			path = Vendors;
			sourceTree = "<group>";
		};
		F400AFC422FE955F00780B64 /* AppEntry */ = {
			isa = PBXGroup;
			children = (
				F4FA19FD22E86216007EA60F /* AppDelegate.swift */,
				F4FA1A0122E86216007EA60F /* Main.storyboard */,
				F4FA1A0922E86218007EA60F /* Info.plist */,
				F4FA1A0422E86218007EA60F /* Assets.xcassets */,
			);
			path = AppEntry;
			sourceTree = "<group>";
		};
		F400AFC622FE95FA00780B64 /* Utiltes */ = {
			isa = PBXGroup;
			children = (
				F400AFC722FE962A00780B64 /* Helpers */,
			);
			path = Utiltes;
			sourceTree = "<group>";
		};
		F400AFC722FE962A00780B64 /* Helpers */ = {
			isa = PBXGroup;
			children = (
			);
			path = Helpers;
			sourceTree = "<group>";
		};
		F400AFD822FEA83F00780B64 /* Config */ = {
			isa = PBXGroup;
			children = (
				F400AFDD22FEA9E000780B64 /* App使用规则说明.txt */,
			);
			path = Config;
			sourceTree = "<group>";
		};
		F400AFDF22FEAE1800780B64 /* Model */ = {
			isa = PBXGroup;
			children = (
				F4F2AA5222FEBAB6007BD545 /* ZCBaseModel.swift */,
			);
			path = Model;
			sourceTree = "<group>";
		};
		F400AFE022FEAE2500780B64 /* ViewModel */ = {
			isa = PBXGroup;
			children = (
				F4F2AA5022FEBAA5007BD545 /* ZCBaseViewModel.swift */,
			);
			path = ViewModel;
			sourceTree = "<group>";
		};
		F400AFE122FEAE2C00780B64 /* View */ = {
			isa = PBXGroup;
			children = (
			);
			path = View;
			sourceTree = "<group>";
		};
		F400AFE222FEAE3100780B64 /* Controller */ = {
			isa = PBXGroup;
			children = (
				F4F2AA4822FEB8D7007BD545 /* ZCBaseViewController.swift */,
				F4F2AA4A22FEB937007BD545 /* ZCBaseNavigationController.swift */,
				F4F2AA4C22FEB9E5007BD545 /* ZCWebViewController.swift */,
				F4F2AA4E22FEBA35007BD545 /* ZCBaseTabBarController.swift */,
			);
			path = Controller;
			sourceTree = "<group>";
		};
		F4FA19F122E86216007EA60F = {
			isa = PBXGroup;
			children = (
				F4FA19FC22E86216007EA60F /* CZGSwiftHome */,
				F4FA1A1122E86218007EA60F /* CZGSwiftHomeTests */,
				F4FA1A1C22E86219007EA60F /* CZGSwiftHomeUITests */,
				F4FA19FB22E86216007EA60F /* Products */,
				AC2DD8007B78C3CB65ED3A47 /* Pods */,
				9E35DCF2A233E576CAFFED42 /* Frameworks */,
			);
			sourceTree = "<group>";
		};
		F4FA19FB22E86216007EA60F /* Products */ = {
			isa = PBXGroup;
			children = (
				F4FA19FA22E86216007EA60F /* CZGSwiftHome.app */,
				F4FA1A0E22E86218007EA60F /* CZGSwiftHomeTests.xctest */,
				F4FA1A1922E86218007EA60F /* CZGSwiftHomeUITests.xctest */,
			);
			name = Products;
			sourceTree = "<group>";
		};
		F4FA19FC22E86216007EA60F /* CZGSwiftHome */ = {
			isa = PBXGroup;
			children = (
				F400AFC122FE94AF00780B64 /* Features */,
				F400AFC022FE948F00780B64 /* categories */,
				F400AFC222FE94DB00780B64 /* frameworks */,
				F400AFC322FE952B00780B64 /* Vendors */,
				F400AFC622FE95FA00780B64 /* Utiltes */,
				F400AFD822FEA83F00780B64 /* Config */,
				F400AFC422FE955F00780B64 /* AppEntry */,
			);
			path = CZGSwiftHome;
			sourceTree = "<group>";
		};
		F4FA1A1122E86218007EA60F /* CZGSwiftHomeTests */ = {
			isa = PBXGroup;
			children = (
				F4FA1A1222E86218007EA60F /* CZGSwiftHomeTests.swift */,
				F4FA1A1422E86218007EA60F /* Info.plist */,
			);
			path = CZGSwiftHomeTests;
			sourceTree = "<group>";
		};
		F4FA1A1C22E86219007EA60F /* CZGSwiftHomeUITests */ = {
			isa = PBXGroup;
			children = (
				F4FA1A1D22E86219007EA60F /* CZGSwiftHomeUITests.swift */,
				F4FA1A1F22E86219007EA60F /* Info.plist */,
			);
			path = CZGSwiftHomeUITests;
			sourceTree = "<group>";
		};
/* End PBXGroup section */

/* Begin PBXNativeTarget section */
		F4FA19F922E86216007EA60F /* CZGSwiftHome */ = {
			isa = PBXNativeTarget;
			buildConfigurationList = F4FA1A2222E86219007EA60F /* Build configuration list for PBXNativeTarget "CZGSwiftHome" */;
			buildPhases = (
				E3059AC822605BAF34B77B58 /* [CP] Check Pods Manifest.lock */,
				F4FA19F622E86216007EA60F /* Sources */,
				F4FA19F722E86216007EA60F /* Frameworks */,
				F4FA19F822E86216007EA60F /* Resources */,
				1F615C11FE384D999F4D84E3 /* [CP] Embed Pods Frameworks */,
			);
			buildRules = (
			);
			dependencies = (
			);
			name = CZGSwiftHome;
			productName = CZGSwiftHome;
			productReference = F4FA19FA22E86216007EA60F /* CZGSwiftHome.app */;
			productType = "com.apple.product-type.application";
		};
		F4FA1A0D22E86218007EA60F /* CZGSwiftHomeTests */ = {
			isa = PBXNativeTarget;
			buildConfigurationList = F4FA1A2522E86219007EA60F /* Build configuration list for PBXNativeTarget "CZGSwiftHomeTests" */;
			buildPhases = (
				F4FA1A0A22E86218007EA60F /* Sources */,
				F4FA1A0B22E86218007EA60F /* Frameworks */,
				F4FA1A0C22E86218007EA60F /* Resources */,
			);
			buildRules = (
			);
			dependencies = (
				F4FA1A1022E86218007EA60F /* PBXTargetDependency */,
			);
			name = CZGSwiftHomeTests;
			productName = CZGSwiftHomeTests;
			productReference = F4FA1A0E22E86218007EA60F /* CZGSwiftHomeTests.xctest */;
			productType = "com.apple.product-type.bundle.unit-test";
		};
		F4FA1A1822E86218007EA60F /* CZGSwiftHomeUITests */ = {
			isa = PBXNativeTarget;
			buildConfigurationList = F4FA1A2822E86219007EA60F /* Build configuration list for PBXNativeTarget "CZGSwiftHomeUITests" */;
			buildPhases = (
				F4FA1A1522E86218007EA60F /* Sources */,
				F4FA1A1622E86218007EA60F /* Frameworks */,
				F4FA1A1722E86218007EA60F /* Resources */,
			);
			buildRules = (
			);
			dependencies = (
				F4FA1A1B22E86218007EA60F /* PBXTargetDependency */,
			);
			name = CZGSwiftHomeUITests;
			productName = CZGSwiftHomeUITests;
			productReference = F4FA1A1922E86218007EA60F /* CZGSwiftHomeUITests.xctest */;
			productType = "com.apple.product-type.bundle.ui-testing";
		};
/* End PBXNativeTarget section */

/* Begin PBXProject section */
		F4FA19F222E86216007EA60F /* Project object */ = {
			isa = PBXProject;
			attributes = {
				LastSwiftUpdateCheck = 1030;
				LastUpgradeCheck = 1030;
				ORGANIZATIONNAME = "张闯闯";
				TargetAttributes = {
					F4FA19F922E86216007EA60F = {
						CreatedOnToolsVersion = 10.3;
					};
					F4FA1A0D22E86218007EA60F = {
						CreatedOnToolsVersion = 10.3;
						TestTargetID = F4FA19F922E86216007EA60F;
					};
					F4FA1A1822E86218007EA60F = {
						CreatedOnToolsVersion = 10.3;
						TestTargetID = F4FA19F922E86216007EA60F;
					};
				};
			};
			buildConfigurationList = F4FA19F522E86216007EA60F /* Build configuration list for PBXProject "CZGSwiftHome" */;
			compatibilityVersion = "Xcode 9.3";
			developmentRegion = en;
			hasScannedForEncodings = 0;
			knownRegions = (
				en,
				Base,
			);
			mainGroup = F4FA19F122E86216007EA60F;
			productRefGroup = F4FA19FB22E86216007EA60F /* Products */;
			projectDirPath = "";
			projectRoot = "";
			targets = (
				F4FA19F922E86216007EA60F /* CZGSwiftHome */,
				F4FA1A0D22E86218007EA60F /* CZGSwiftHomeTests */,
				F4FA1A1822E86218007EA60F /* CZGSwiftHomeUITests */,
			);
		};
/* End PBXProject section */

/* Begin PBXResourcesBuildPhase section */
		F4FA19F822E86216007EA60F /* Resources */ = {
			isa = PBXResourcesBuildPhase;
			buildActionMask = 2147483647;
			files = (
				F4FA1A0522E86218007EA60F /* Assets.xcassets in Resources */,
				F400AFDE22FEA9E100780B64 /* App使用规则说明.txt in Resources */,
				F4FA1A0322E86216007EA60F /* Main.storyboard in Resources */,
			);
			runOnlyForDeploymentPostprocessing = 0;
		};
		F4FA1A0C22E86218007EA60F /* Resources */ = {
			isa = PBXResourcesBuildPhase;
			buildActionMask = 2147483647;
			files = (
			);
			runOnlyForDeploymentPostprocessing = 0;
		};
		F4FA1A1722E86218007EA60F /* Resources */ = {
			isa = PBXResourcesBuildPhase;
			buildActionMask = 2147483647;
			files = (
			);
			runOnlyForDeploymentPostprocessing = 0;
		};
/* End PBXResourcesBuildPhase section */

/* Begin PBXShellScriptBuildPhase section */
		1F615C11FE384D999F4D84E3 /* [CP] Embed Pods Frameworks */ = {
			isa = PBXShellScriptBuildPhase;
			buildActionMask = 2147483647;
			files = (
			);
			inputFileListPaths = (
				"${PODS_ROOT}/Target Support Files/Pods-CZGSwiftHome/Pods-CZGSwiftHome-frameworks-${CONFIGURATION}-input-files.xcfilelist",
			);
			name = "[CP] Embed Pods Frameworks";
			outputFileListPaths = (
				"${PODS_ROOT}/Target Support Files/Pods-CZGSwiftHome/Pods-CZGSwiftHome-frameworks-${CONFIGURATION}-output-files.xcfilelist",
			);
			runOnlyForDeploymentPostprocessing = 0;
			shellPath = /bin/sh;
			shellScript = "\"${PODS_ROOT}/Target Support Files/Pods-CZGSwiftHome/Pods-CZGSwiftHome-frameworks.sh\"\n";
			showEnvVarsInLog = 0;
		};
		E3059AC822605BAF34B77B58 /* [CP] Check Pods Manifest.lock */ = {
			isa = PBXShellScriptBuildPhase;
			buildActionMask = 2147483647;
			files = (
			);
			inputFileListPaths = (
			);
			inputPaths = (
				"${PODS_PODFILE_DIR_PATH}/Podfile.lock",
				"${PODS_ROOT}/Manifest.lock",
			);
			name = "[CP] Check Pods Manifest.lock";
			outputFileListPaths = (
			);
			outputPaths = (
				"$(DERIVED_FILE_DIR)/Pods-CZGSwiftHome-checkManifestLockResult.txt",
			);
			runOnlyForDeploymentPostprocessing = 0;
			shellPath = /bin/sh;
			shellScript = "diff \"${PODS_PODFILE_DIR_PATH}/Podfile.lock\" \"${PODS_ROOT}/Manifest.lock\" > /dev/null\nif [ $? != 0 ] ; then\n    # print error to STDERR\n    echo \"error: The sandbox is not in sync with the Podfile.lock. Run 'pod install' or update your CocoaPods installation.\" >&2\n    exit 1\nfi\n# This output is used by Xcode 'outputs' to avoid re-running this script phase.\necho \"SUCCESS\" > \"${SCRIPT_OUTPUT_FILE_0}\"\n";
			showEnvVarsInLog = 0;
		};
/* End PBXShellScriptBuildPhase section */

/* Begin PBXSourcesBuildPhase section */
		F4FA19F622E86216007EA60F /* Sources */ = {
			isa = PBXSourcesBuildPhase;
			buildActionMask = 2147483647;
			files = (
				F4F2AA5122FEBAA5007BD545 /* ZCBaseViewModel.swift in Sources */,
				F4F2AA4B22FEB937007BD545 /* ZCBaseNavigationController.swift in Sources */,
				F4F2AA4F22FEBA35007BD545 /* ZCBaseTabBarController.swift in Sources */,
				F4F2AA5322FEBAB6007BD545 /* ZCBaseModel.swift in Sources */,
				F4F2AA4922FEB8D7007BD545 /* ZCBaseViewController.swift in Sources */,
				F4F2AA4D22FEB9E5007BD545 /* ZCWebViewController.swift in Sources */,
				F4FA19FE22E86216007EA60F /* AppDelegate.swift in Sources */,
			);
			runOnlyForDeploymentPostprocessing = 0;
		};
		F4FA1A0A22E86218007EA60F /* Sources */ = {
			isa = PBXSourcesBuildPhase;
			buildActionMask = 2147483647;
			files = (
				F4FA1A1322E86218007EA60F /* CZGSwiftHomeTests.swift in Sources */,
			);
			runOnlyForDeploymentPostprocessing = 0;
		};
		F4FA1A1522E86218007EA60F /* Sources */ = {
			isa = PBXSourcesBuildPhase;
			buildActionMask = 2147483647;
			files = (
				F4FA1A1E22E86219007EA60F /* CZGSwiftHomeUITests.swift in Sources */,
			);
			runOnlyForDeploymentPostprocessing = 0;
		};
/* End PBXSourcesBuildPhase section */

/* Begin PBXTargetDependency section */
		F4FA1A1022E86218007EA60F /* PBXTargetDependency */ = {
			isa = PBXTargetDependency;
			target = F4FA19F922E86216007EA60F /* CZGSwiftHome */;
			targetProxy = F4FA1A0F22E86218007EA60F /* PBXContainerItemProxy */;
		};
		F4FA1A1B22E86218007EA60F /* PBXTargetDependency */ = {
			isa = PBXTargetDependency;
			target = F4FA19F922E86216007EA60F /* CZGSwiftHome */;
			targetProxy = F4FA1A1A22E86218007EA60F /* PBXContainerItemProxy */;
		};
/* End PBXTargetDependency section */

/* Begin PBXVariantGroup section */
		F4FA1A0122E86216007EA60F /* Main.storyboard */ = {
			isa = PBXVariantGroup;
			children = (
				F4FA1A0222E86216007EA60F /* Base */,
			);
			name = Main.storyboard;
			sourceTree = "<group>";
		};
/* End PBXVariantGroup section */

/* Begin XCBuildConfiguration section */
		F4FA1A2022E86219007EA60F /* Debug */ = {
			isa = XCBuildConfiguration;
			buildSettings = {
				ALWAYS_SEARCH_USER_PATHS = NO;
				CLANG_ANALYZER_NONNULL = YES;
				CLANG_ANALYZER_NUMBER_OBJECT_CONVERSION = YES_AGGRESSIVE;
				CLANG_CXX_LANGUAGE_STANDARD = "gnu++14";
				CLANG_CXX_LIBRARY = "libc++";
				CLANG_ENABLE_MODULES = YES;
				CLANG_ENABLE_OBJC_ARC = YES;
				CLANG_ENABLE_OBJC_WEAK = YES;
				CLANG_WARN_BLOCK_CAPTURE_AUTORELEASING = YES;
				CLANG_WARN_BOOL_CONVERSION = YES;
				CLANG_WARN_COMMA = YES;
				CLANG_WARN_CONSTANT_CONVERSION = YES;
				CLANG_WARN_DEPRECATED_OBJC_IMPLEMENTATIONS = YES;
				CLANG_WARN_DIRECT_OBJC_ISA_USAGE = YES_ERROR;
				CLANG_WARN_DOCUMENTATION_COMMENTS = YES;
				CLANG_WARN_EMPTY_BODY = YES;
				CLANG_WARN_ENUM_CONVERSION = YES;
				CLANG_WARN_INFINITE_RECURSION = YES;
				CLANG_WARN_INT_CONVERSION = YES;
				CLANG_WARN_NON_LITERAL_NULL_CONVERSION = YES;
				CLANG_WARN_OBJC_IMPLICIT_RETAIN_SELF = YES;
				CLANG_WARN_OBJC_LITERAL_CONVERSION = YES;
				CLANG_WARN_OBJC_ROOT_CLASS = YES_ERROR;
				CLANG_WARN_RANGE_LOOP_ANALYSIS = YES;
				CLANG_WARN_STRICT_PROTOTYPES = YES;
				CLANG_WARN_SUSPICIOUS_MOVE = YES;
				CLANG_WARN_UNGUARDED_AVAILABILITY = YES_AGGRESSIVE;
				CLANG_WARN_UNREACHABLE_CODE = YES;
				CLANG_WARN__DUPLICATE_METHOD_MATCH = YES;
				CODE_SIGN_IDENTITY = "iPhone Developer";
				COPY_PHASE_STRIP = NO;
				DEBUG_INFORMATION_FORMAT = dwarf;
				ENABLE_STRICT_OBJC_MSGSEND = YES;
				ENABLE_TESTABILITY = YES;
				GCC_C_LANGUAGE_STANDARD = gnu11;
				GCC_DYNAMIC_NO_PIC = NO;
				GCC_NO_COMMON_BLOCKS = YES;
				GCC_OPTIMIZATION_LEVEL = 0;
				GCC_PREPROCESSOR_DEFINITIONS = (
					"DEBUG=1",
					"$(inherited)",
				);
				GCC_WARN_64_TO_32_BIT_CONVERSION = YES;
				GCC_WARN_ABOUT_RETURN_TYPE = YES_ERROR;
				GCC_WARN_UNDECLARED_SELECTOR = YES;
				GCC_WARN_UNINITIALIZED_AUTOS = YES_AGGRESSIVE;
				GCC_WARN_UNUSED_FUNCTION = YES;
				GCC_WARN_UNUSED_VARIABLE = YES;
				IPHONEOS_DEPLOYMENT_TARGET = 12.4;
				MTL_ENABLE_DEBUG_INFO = INCLUDE_SOURCE;
				MTL_FAST_MATH = YES;
				ONLY_ACTIVE_ARCH = YES;
				SDKROOT = iphoneos;
				SWIFT_ACTIVE_COMPILATION_CONDITIONS = DEBUG;
				SWIFT_OPTIMIZATION_LEVEL = "-Onone";
			};
			name = Debug;
		};
		F4FA1A2122E86219007EA60F /* Release */ = {
			isa = XCBuildConfiguration;
			buildSettings = {
				ALWAYS_SEARCH_USER_PATHS = NO;
				CLANG_ANALYZER_NONNULL = YES;
				CLANG_ANALYZER_NUMBER_OBJECT_CONVERSION = YES_AGGRESSIVE;
				CLANG_CXX_LANGUAGE_STANDARD = "gnu++14";
				CLANG_CXX_LIBRARY = "libc++";
				CLANG_ENABLE_MODULES = YES;
				CLANG_ENABLE_OBJC_ARC = YES;
				CLANG_ENABLE_OBJC_WEAK = YES;
				CLANG_WARN_BLOCK_CAPTURE_AUTORELEASING = YES;
				CLANG_WARN_BOOL_CONVERSION = YES;
				CLANG_WARN_COMMA = YES;
				CLANG_WARN_CONSTANT_CONVERSION = YES;
				CLANG_WARN_DEPRECATED_OBJC_IMPLEMENTATIONS = YES;
				CLANG_WARN_DIRECT_OBJC_ISA_USAGE = YES_ERROR;
				CLANG_WARN_DOCUMENTATION_COMMENTS = YES;
				CLANG_WARN_EMPTY_BODY = YES;
				CLANG_WARN_ENUM_CONVERSION = YES;
				CLANG_WARN_INFINITE_RECURSION = YES;
				CLANG_WARN_INT_CONVERSION = YES;
				CLANG_WARN_NON_LITERAL_NULL_CONVERSION = YES;
				CLANG_WARN_OBJC_IMPLICIT_RETAIN_SELF = YES;
				CLANG_WARN_OBJC_LITERAL_CONVERSION = YES;
				CLANG_WARN_OBJC_ROOT_CLASS = YES_ERROR;
				CLANG_WARN_RANGE_LOOP_ANALYSIS = YES;
				CLANG_WARN_STRICT_PROTOTYPES = YES;
				CLANG_WARN_SUSPICIOUS_MOVE = YES;
				CLANG_WARN_UNGUARDED_AVAILABILITY = YES_AGGRESSIVE;
				CLANG_WARN_UNREACHABLE_CODE = YES;
				CLANG_WARN__DUPLICATE_METHOD_MATCH = YES;
				CODE_SIGN_IDENTITY = "iPhone Developer";
				COPY_PHASE_STRIP = NO;
				DEBUG_INFORMATION_FORMAT = "dwarf-with-dsym";
				ENABLE_NS_ASSERTIONS = NO;
				ENABLE_STRICT_OBJC_MSGSEND = YES;
				GCC_C_LANGUAGE_STANDARD = gnu11;
				GCC_NO_COMMON_BLOCKS = YES;
				GCC_WARN_64_TO_32_BIT_CONVERSION = YES;
				GCC_WARN_ABOUT_RETURN_TYPE = YES_ERROR;
				GCC_WARN_UNDECLARED_SELECTOR = YES;
				GCC_WARN_UNINITIALIZED_AUTOS = YES_AGGRESSIVE;
				GCC_WARN_UNUSED_FUNCTION = YES;
				GCC_WARN_UNUSED_VARIABLE = YES;
				IPHONEOS_DEPLOYMENT_TARGET = 12.4;
				MTL_ENABLE_DEBUG_INFO = NO;
				MTL_FAST_MATH = YES;
				SDKROOT = iphoneos;
				SWIFT_COMPILATION_MODE = wholemodule;
				SWIFT_OPTIMIZATION_LEVEL = "-O";
				VALIDATE_PRODUCT = YES;
			};
			name = Release;
		};
		F4FA1A2322E86219007EA60F /* Debug */ = {
			isa = XCBuildConfiguration;
			baseConfigurationReference = E5EA3833869D34C7A8CF30C8 /* Pods-CZGSwiftHome.debug.xcconfig */;
			buildSettings = {
				ASSETCATALOG_COMPILER_APPICON_NAME = AppIcon;
				CODE_SIGN_STYLE = Automatic;
				DEVELOPMENT_TEAM = 49S365C6A7;
				INFOPLIST_FILE = "$(SRCROOT)/CZGSwiftHome/AppEntry/Info.plist";
				LD_RUNPATH_SEARCH_PATHS = (
					"$(inherited)",
					"@executable_path/Frameworks",
				);
				PRODUCT_BUNDLE_IDENTIFIER = com.zc.CZGSwiftHome;
				PRODUCT_NAME = "$(TARGET_NAME)";
				SWIFT_VERSION = 5.0;
				TARGETED_DEVICE_FAMILY = "1,2";
			};
			name = Debug;
		};
		F4FA1A2422E86219007EA60F /* Release */ = {
			isa = XCBuildConfiguration;
			baseConfigurationReference = C74AD48C03A583656728D425 /* Pods-CZGSwiftHome.release.xcconfig */;
			buildSettings = {
				ASSETCATALOG_COMPILER_APPICON_NAME = AppIcon;
				CODE_SIGN_STYLE = Automatic;
				DEVELOPMENT_TEAM = 49S365C6A7;
				INFOPLIST_FILE = "$(SRCROOT)/CZGSwiftHome/AppEntry/Info.plist";
				LD_RUNPATH_SEARCH_PATHS = (
					"$(inherited)",
					"@executable_path/Frameworks",
				);
				PRODUCT_BUNDLE_IDENTIFIER = com.zc.CZGSwiftHome;
				PRODUCT_NAME = "$(TARGET_NAME)";
				SWIFT_VERSION = 5.0;
				TARGETED_DEVICE_FAMILY = "1,2";
			};
			name = Release;
		};
		F4FA1A2622E86219007EA60F /* Debug */ = {
			isa = XCBuildConfiguration;
			buildSettings = {
				ALWAYS_EMBED_SWIFT_STANDARD_LIBRARIES = YES;
				BUNDLE_LOADER = "$(TEST_HOST)";
				CODE_SIGN_STYLE = Automatic;
				DEVELOPMENT_TEAM = 49S365C6A7;
				INFOPLIST_FILE = CZGSwiftHomeTests/Info.plist;
				LD_RUNPATH_SEARCH_PATHS = (
					"$(inherited)",
					"@executable_path/Frameworks",
					"@loader_path/Frameworks",
				);
				PRODUCT_BUNDLE_IDENTIFIER = com.zc.CZGSwiftHomeTests;
				PRODUCT_NAME = "$(TARGET_NAME)";
				SWIFT_VERSION = 5.0;
				TARGETED_DEVICE_FAMILY = "1,2";
				TEST_HOST = "$(BUILT_PRODUCTS_DIR)/CZGSwiftHome.app/CZGSwiftHome";
			};
			name = Debug;
		};
		F4FA1A2722E86219007EA60F /* Release */ = {
			isa = XCBuildConfiguration;
			buildSettings = {
				ALWAYS_EMBED_SWIFT_STANDARD_LIBRARIES = YES;
				BUNDLE_LOADER = "$(TEST_HOST)";
				CODE_SIGN_STYLE = Automatic;
				DEVELOPMENT_TEAM = 49S365C6A7;
				INFOPLIST_FILE = CZGSwiftHomeTests/Info.plist;
				LD_RUNPATH_SEARCH_PATHS = (
					"$(inherited)",
					"@executable_path/Frameworks",
					"@loader_path/Frameworks",
				);
				PRODUCT_BUNDLE_IDENTIFIER = com.zc.CZGSwiftHomeTests;
				PRODUCT_NAME = "$(TARGET_NAME)";
				SWIFT_VERSION = 5.0;
				TARGETED_DEVICE_FAMILY = "1,2";
				TEST_HOST = "$(BUILT_PRODUCTS_DIR)/CZGSwiftHome.app/CZGSwiftHome";
			};
			name = Release;
		};
		F4FA1A2922E86219007EA60F /* Debug */ = {
			isa = XCBuildConfiguration;
			buildSettings = {
				ALWAYS_EMBED_SWIFT_STANDARD_LIBRARIES = YES;
				CODE_SIGN_STYLE = Automatic;
				DEVELOPMENT_TEAM = 49S365C6A7;
				INFOPLIST_FILE = CZGSwiftHomeUITests/Info.plist;
				LD_RUNPATH_SEARCH_PATHS = (
					"$(inherited)",
					"@executable_path/Frameworks",
					"@loader_path/Frameworks",
				);
				PRODUCT_BUNDLE_IDENTIFIER = com.zc.CZGSwiftHomeUITests;
				PRODUCT_NAME = "$(TARGET_NAME)";
				SWIFT_VERSION = 5.0;
				TARGETED_DEVICE_FAMILY = "1,2";
				TEST_TARGET_NAME = CZGSwiftHome;
			};
			name = Debug;
		};
		F4FA1A2A22E86219007EA60F /* Release */ = {
			isa = XCBuildConfiguration;
			buildSettings = {
				ALWAYS_EMBED_SWIFT_STANDARD_LIBRARIES = YES;
				CODE_SIGN_STYLE = Automatic;
				DEVELOPMENT_TEAM = 49S365C6A7;
				INFOPLIST_FILE = CZGSwiftHomeUITests/Info.plist;
				LD_RUNPATH_SEARCH_PATHS = (
					"$(inherited)",
					"@executable_path/Frameworks",
					"@loader_path/Frameworks",
				);
				PRODUCT_BUNDLE_IDENTIFIER = com.zc.CZGSwiftHomeUITests;
				PRODUCT_NAME = "$(TARGET_NAME)";
				SWIFT_VERSION = 5.0;
				TARGETED_DEVICE_FAMILY = "1,2";
				TEST_TARGET_NAME = CZGSwiftHome;
			};
			name = Release;
		};
/* End XCBuildConfiguration section */

/* Begin XCConfigurationList section */
		F4FA19F522E86216007EA60F /* Build configuration list for PBXProject "CZGSwiftHome" */ = {
			isa = XCConfigurationList;
			buildConfigurations = (
				F4FA1A2022E86219007EA60F /* Debug */,
				F4FA1A2122E86219007EA60F /* Release */,
			);
			defaultConfigurationIsVisible = 0;
			defaultConfigurationName = Release;
		};
		F4FA1A2222E86219007EA60F /* Build configuration list for PBXNativeTarget "CZGSwiftHome" */ = {
			isa = XCConfigurationList;
			buildConfigurations = (
				F4FA1A2322E86219007EA60F /* Debug */,
				F4FA1A2422E86219007EA60F /* Release */,
			);
			defaultConfigurationIsVisible = 0;
			defaultConfigurationName = Release;
		};
		F4FA1A2522E86219007EA60F /* Build configuration list for PBXNativeTarget "CZGSwiftHomeTests" */ = {
			isa = XCConfigurationList;
			buildConfigurations = (
				F4FA1A2622E86219007EA60F /* Debug */,
				F4FA1A2722E86219007EA60F /* Release */,
			);
			defaultConfigurationIsVisible = 0;
			defaultConfigurationName = Release;
		};
		F4FA1A2822E86219007EA60F /* Build configuration list for PBXNativeTarget "CZGSwiftHomeUITests" */ = {
			isa = XCConfigurationList;
			buildConfigurations = (
				F4FA1A2922E86219007EA60F /* Debug */,
				F4FA1A2A22E86219007EA60F /* Release */,
			);
			defaultConfigurationIsVisible = 0;
			defaultConfigurationName = Release;
		};
/* End XCConfigurationList section */
	};
	rootObject = F4FA19F222E86216007EA60F /* Project object */;
}
